// !$*UTF8*$!
{
	archiveVersion = 1;
	classes = {
	};
	objectVersion = 55;
	objects = {

/* Begin PBXBuildFile section */
		B18CC22F284D29D3000E59BD /* AppDelegate.swift in Sources */ = {isa = PBXBuildFile; fileRef = B18CC22E284D29D3000E59BD /* AppDelegate.swift */; };
		B18CC231284D29D3000E59BD /* SceneDelegate.swift in Sources */ = {isa = PBXBuildFile; fileRef = B18CC230284D29D3000E59BD /* SceneDelegate.swift */; };
		B18CC233284D29D3000E59BD /* ViewController.swift in Sources */ = {isa = PBXBuildFile; fileRef = B18CC232284D29D3000E59BD /* ViewController.swift */; };
		B18CC236284D29D3000E59BD /* Main.storyboard in Resources */ = {isa = PBXBuildFile; fileRef = B18CC234284D29D3000E59BD /* Main.storyboard */; };
		B18CC238284D29D6000E59BD /* Assets.xcassets in Resources */ = {isa = PBXBuildFile; fileRef = B18CC237284D29D6000E59BD /* Assets.xcassets */; };
		B18CC23B284D29D6000E59BD /* LaunchScreen.storyboard in Resources */ = {isa = PBXBuildFile; fileRef = B18CC239284D29D6000E59BD /* LaunchScreen.storyboard */; };
		B18CC246284D29EF000E59BD /* LOG.swift in Sources */ = {isa = PBXBuildFile; fileRef = B18CC244284D29EF000E59BD /* LOG.swift */; };
		B18CC247284D29EF000E59BD /* LOG+Models.swift in Sources */ = {isa = PBXBuildFile; fileRef = B18CC245284D29EF000E59BD /* LOG+Models.swift */; };
/* End PBXBuildFile section */

/* Begin PBXFileReference section */
		B18CC22B284D29D3000E59BD /* swift-pretty-log-demo.app */ = {isa = PBXFileReference; explicitFileType = wrapper.application; includeInIndex = 0; path = "swift-pretty-log-demo.app"; sourceTree = BUILT_PRODUCTS_DIR; };
		B18CC22E284D29D3000E59BD /* AppDelegate.swift */ = {isa = PBXFileReference; lastKnownFileType = sourcecode.swift; path = AppDelegate.swift; sourceTree = "<group>"; };
		B18CC230284D29D3000E59BD /* SceneDelegate.swift */ = {isa = PBXFileReference; lastKnownFileType = sourcecode.swift; path = SceneDelegate.swift; sourceTree = "<group>"; };
		B18CC232284D29D3000E59BD /* ViewController.swift */ = {isa = PBXFileReference; lastKnownFileType = sourcecode.swift; path = ViewController.swift; sourceTree = "<group>"; };
		B18CC235284D29D3000E59BD /* Base */ = {isa = PBXFileReference; lastKnownFileType = file.storyboard; name = Base; path = Base.lproj/Main.storyboard; sourceTree = "<group>"; };
		B18CC237284D29D6000E59BD /* Assets.xcassets */ = {isa = PBXFileReference; lastKnownFileType = folder.assetcatalog; path = Assets.xcassets; sourceTree = "<group>"; };
		B18CC23A284D29D6000E59BD /* Base */ = {isa = PBXFileReference; lastKnownFileType = file.storyboard; name = Base; path = Base.lproj/LaunchScreen.storyboard; sourceTree = "<group>"; };
		B18CC23C284D29D6000E59BD /* Info.plist */ = {isa = PBXFileReference; lastKnownFileType = text.plist.xml; path = Info.plist; sourceTree = "<group>"; };
		B18CC244284D29EF000E59BD /* LOG.swift */ = {isa = PBXFileReference; fileEncoding = 4; lastKnownFileType = sourcecode.swift; path = LOG.swift; sourceTree = "<group>"; };
		B18CC245284D29EF000E59BD /* LOG+Models.swift */ = {isa = PBXFileReference; fileEncoding = 4; lastKnownFileType = sourcecode.swift; path = "LOG+Models.swift"; sourceTree = "<group>"; };
/* End PBXFileReference section */

/* Begin PBXFrameworksBuildPhase section */
		B18CC228284D29D3000E59BD /* Frameworks */ = {
			isa = PBXFrameworksBuildPhase;
			buildActionMask = 2147483647;
			files = (
			);
			runOnlyForDeploymentPostprocessing = 0;
		};
/* End PBXFrameworksBuildPhase section */

/* Begin PBXGroup section */
		B18CC222284D29D3000E59BD = {
			isa = PBXGroup;
			children = (
				B18CC22D284D29D3000E59BD /* swift-pretty-log-demo */,
				B18CC22C284D29D3000E59BD /* Products */,
			);
			sourceTree = "<group>";
		};
		B18CC22C284D29D3000E59BD /* Products */ = {
			isa = PBXGroup;
			children = (
				B18CC22B284D29D3000E59BD /* swift-pretty-log-demo.app */,
			);
			name = Products;
			sourceTree = "<group>";
		};
		B18CC22D284D29D3000E59BD /* swift-pretty-log-demo */ = {
			isa = PBXGroup;
			children = (
				B18CC243284D29EF000E59BD /* Log */,
				B18CC242284D29DD000E59BD /* DEFAULTS */,
				B18CC23C284D29D6000E59BD /* Info.plist */,
			);
			path = "swift-pretty-log-demo";
			sourceTree = "<group>";
		};
		B18CC242284D29DD000E59BD /* DEFAULTS */ = {
			isa = PBXGroup;
			children = (
				B18CC22E284D29D3000E59BD /* AppDelegate.swift */,
				B18CC230284D29D3000E59BD /* SceneDelegate.swift */,
				B18CC232284D29D3000E59BD /* ViewController.swift */,
				B18CC234284D29D3000E59BD /* Main.storyboard */,
				B18CC237284D29D6000E59BD /* Assets.xcassets */,
				B18CC239284D29D6000E59BD /* LaunchScreen.storyboard */,
			);
			path = DEFAULTS;
			sourceTree = "<group>";
		};
		B18CC243284D29EF000E59BD /* Log */ = {
			isa = PBXGroup;
			children = (
				B18CC244284D29EF000E59BD /* LOG.swift */,
				B18CC245284D29EF000E59BD /* LOG+Models.swift */,
			);
			path = Log;
			sourceTree = "<group>";
		};
/* End PBXGroup section */

/* Begin PBXNativeTarget section */
		B18CC22A284D29D3000E59BD /* swift-pretty-log-demo */ = {
			isa = PBXNativeTarget;
			buildConfigurationList = B18CC23F284D29D6000E59BD /* Build configuration list for PBXNativeTarget "swift-pretty-log-demo" */;
			buildPhases = (
				B18CC227284D29D3000E59BD /* Sources */,
				B18CC228284D29D3000E59BD /* Frameworks */,
				B18CC229284D29D3000E59BD /* Resources */,
			);
			buildRules = (
			);
			dependencies = (
			);
			name = "swift-pretty-log-demo";
			productName = "swift-pretty-log-demo";
			productReference = B18CC22B284D29D3000E59BD /* swift-pretty-log-demo.app */;
			productType = "com.apple.product-type.application";
		};
/* End PBXNativeTarget section */

/* Begin PBXProject section */
		B18CC223284D29D3000E59BD /* Project object */ = {
			isa = PBXProject;
			attributes = {
				BuildIndependentTargetsInParallel = 1;
				LastSwiftUpdateCheck = 1330;
				LastUpgradeCheck = 1330;
				TargetAttributes = {
					B18CC22A284D29D3000E59BD = {
						CreatedOnToolsVersion = 13.3.1;
					};
				};
			};
			buildConfigurationList = B18CC226284D29D3000E59BD /* Build configuration list for PBXProject "swift-pretty-log-demo" */;
			compatibilityVersion = "Xcode 13.0";
			developmentRegion = en;
			hasScannedForEncodings = 0;
			knownRegions = (
				en,
				Base,
			);
			mainGroup = B18CC222284D29D3000E59BD;
			productRefGroup = B18CC22C284D29D3000E59BD /* Products */;
			projectDirPath = "";
			projectRoot = "";
			targets = (
				B18CC22A284D29D3000E59BD /* swift-pretty-log-demo */,
			);
		};
/* End PBXProject section */

/* Begin PBXResourcesBuildPhase section */
		B18CC229284D29D3000E59BD /* Resources */ = {
			isa = PBXResourcesBuildPhase;
			buildActionMask = 2147483647;
			files = (
				B18CC23B284D29D6000E59BD /* LaunchScreen.storyboard in Resources */,
				B18CC238284D29D6000E59BD /* Assets.xcassets in Resources */,
				B18CC236284D29D3000E59BD /* Main.storyboard in Resources */,
			);
			runOnlyForDeploymentPostprocessing = 0;
		};
/* End PBXResourcesBuildPhase section */

/* Begin PBXSourcesBuildPhase section */
		B18CC227284D29D3000E59BD /* Sources */ = {
			isa = PBXSourcesBuildPhase;
			buildActionMask = 2147483647;
			files = (
				B18CC233284D29D3000E59BD /* ViewController.swift in Sources */,
				B18CC22F284D29D3000E59BD /* AppDelegate.swift in Sources */,
				B18CC246284D29EF000E59BD /* LOG.swift in Sources */,
				B18CC247284D29EF000E59BD /* LOG+Models.swift in Sources */,
				B18CC231284D29D3000E59BD /* SceneDelegate.swift in Sources */,
			);
			runOnlyForDeploymentPostprocessing = 0;
		};
/* End PBXSourcesBuildPhase section */

/* Begin PBXVariantGroup section */
		B18CC234284D29D3000E59BD /* Main.storyboard */ = {
			isa = PBXVariantGroup;
			children = (
				B18CC235284D29D3000E59BD /* Base */,
			);
			name = Main.storyboard;
			sourceTree = "<group>";
		};
		B18CC239284D29D6000E59BD /* LaunchScreen.storyboard */ = {
			isa = PBXVariantGroup;
			children = (
				B18CC23A284D29D6000E59BD /* Base */,
			);
			name = LaunchScreen.storyboard;
			sourceTree = "<group>";
		};
/* End PBXVariantGroup section */

/* Begin XCBuildConfiguration section */
		B18CC23D284D29D6000E59BD /* Debug */ = {
			isa = XCBuildConfiguration;
			buildSettings = {
				ALWAYS_SEARCH_USER_PATHS = NO;
				CLANG_ANALYZER_NONNULL = YES;
				CLANG_ANALYZER_NUMBER_OBJECT_CONVERSION = YES_AGGRESSIVE;
				CLANG_CXX_LANGUAGE_STANDARD = "gnu++17";
				CLANG_ENABLE_MODULES = YES;
				CLANG_ENABLE_OBJC_ARC = YES;
				CLANG_ENABLE_OBJC_WEAK = YES;
				CLANG_WARN_BLOCK_CAPTURE_AUTORELEASING = YES;
				CLANG_WARN_BOOL_CONVERSION = YES;
				CLANG_WARN_COMMA = YES;
				CLANG_WARN_CONSTANT_CONVERSION = YES;
				CLANG_WARN_DEPRECATED_OBJC_IMPLEMENTATIONS = YES;
				CLANG_WARN_DIRECT_OBJC_ISA_USAGE = YES_ERROR;
				CLANG_WARN_DOCUMENTATION_COMMENTS = YES;
				CLANG_WARN_EMPTY_BODY = YES;
				CLANG_WARN_ENUM_CONVERSION = YES;
				CLANG_WARN_INFINITE_RECURSION = YES;
				CLANG_WARN_INT_CONVERSION = YES;
				CLANG_WARN_NON_LITERAL_NULL_CONVERSION = YES;
				CLANG_WARN_OBJC_IMPLICIT_RETAIN_SELF = YES;
				CLANG_WARN_OBJC_LITERAL_CONVERSION = YES;
				CLANG_WARN_OBJC_ROOT_CLASS = YES_ERROR;
				CLANG_WARN_QUOTED_INCLUDE_IN_FRAMEWORK_HEADER = YES;
				CLANG_WARN_RANGE_LOOP_ANALYSIS = YES;
				CLANG_WARN_STRICT_PROTOTYPES = YES;
				CLANG_WARN_SUSPICIOUS_MOVE = YES;
				CLANG_WARN_UNGUARDED_AVAILABILITY = YES_AGGRESSIVE;
				CLANG_WARN_UNREACHABLE_CODE = YES;
				CLANG_WARN__DUPLICATE_METHOD_MATCH = YES;
				COPY_PHASE_STRIP = NO;
				DEBUG_INFORMATION_FORMAT = dwarf;
				ENABLE_STRICT_OBJC_MSGSEND = YES;
				ENABLE_TESTABILITY = YES;
				GCC_C_LANGUAGE_STANDARD = gnu11;
				GCC_DYNAMIC_NO_PIC = NO;
				GCC_NO_COMMON_BLOCKS = YES;
				GCC_OPTIMIZATION_LEVEL = 0;
				GCC_PREPROCESSOR_DEFINITIONS = (
					"DEBUG=1",
					"$(inherited)",
				);
				GCC_WARN_64_TO_32_BIT_CONVERSION = YES;
				GCC_WARN_ABOUT_RETURN_TYPE = YES_ERROR;
				GCC_WARN_UNDECLARED_SELECTOR = YES;
				GCC_WARN_UNINITIALIZED_AUTOS = YES_AGGRESSIVE;
				GCC_WARN_UNUSED_FUNCTION = YES;
				GCC_WARN_UNUSED_VARIABLE = YES;
				IPHONEOS_DEPLOYMENT_TARGET = 15.4;
				MTL_ENABLE_DEBUG_INFO = INCLUDE_SOURCE;
				MTL_FAST_MATH = YES;
				ONLY_ACTIVE_ARCH = YES;
				SDKROOT = iphoneos;
				SWIFT_ACTIVE_COMPILATION_CONDITIONS = DEBUG;
				SWIFT_OPTIMIZATION_LEVEL = "-Onone";
			};
			name = Debug;
		};
		B18CC23E284D29D6000E59BD /* Release */ = {
			isa = XCBuildConfiguration;
			buildSettings = {
				ALWAYS_SEARCH_USER_PATHS = NO;
				CLANG_ANALYZER_NONNULL = YES;
				CLANG_ANALYZER_NUMBER_OBJECT_CONVERSION = YES_AGGRESSIVE;
				CLANG_CXX_LANGUAGE_STANDARD = "gnu++17";
				CLANG_ENABLE_MODULES = YES;
				CLANG_ENABLE_OBJC_ARC = YES;
				CLANG_ENABLE_OBJC_WEAK = YES;
				CLANG_WARN_BLOCK_CAPTURE_AUTORELEASING = YES;
				CLANG_WARN_BOOL_CONVERSION = YES;
				CLANG_WARN_COMMA = YES;
				CLANG_WARN_CONSTANT_CONVERSION = YES;
				CLANG_WARN_DEPRECATED_OBJC_IMPLEMENTATIONS = YES;
				CLANG_WARN_DIRECT_OBJC_ISA_USAGE = YES_ERROR;
				CLANG_WARN_DOCUMENTATION_COMMENTS = YES;
				CLANG_WARN_EMPTY_BODY = YES;
				CLANG_WARN_ENUM_CONVERSION = YES;
				CLANG_WARN_INFINITE_RECURSION = YES;
				CLANG_WARN_INT_CONVERSION = YES;
				CLANG_WARN_NON_LITERAL_NULL_CONVERSION = YES;
				CLANG_WARN_OBJC_IMPLICIT_RETAIN_SELF = YES;
				CLANG_WARN_OBJC_LITERAL_CONVERSION = YES;
				CLANG_WARN_OBJC_ROOT_CLASS = YES_ERROR;
				CLANG_WARN_QUOTED_INCLUDE_IN_FRAMEWORK_HEADER = YES;
				CLANG_WARN_RANGE_LOOP_ANALYSIS = YES;
				CLANG_WARN_STRICT_PROTOTYPES = YES;
				CLANG_WARN_SUSPICIOUS_MOVE = YES;
				CLANG_WARN_UNGUARDED_AVAILABILITY = YES_AGGRESSIVE;
				CLANG_WARN_UNREACHABLE_CODE = YES;
				CLANG_WARN__DUPLICATE_METHOD_MATCH = YES;
				COPY_PHASE_STRIP = NO;
				DEBUG_INFORMATION_FORMAT = "dwarf-with-dsym";
				ENABLE_NS_ASSERTIONS = NO;
				ENABLE_STRICT_OBJC_MSGSEND = YES;
				GCC_C_LANGUAGE_STANDARD = gnu11;
				GCC_NO_COMMON_BLOCKS = YES;
				GCC_WARN_64_TO_32_BIT_CONVERSION = YES;
				GCC_WARN_ABOUT_RETURN_TYPE = YES_ERROR;
				GCC_WARN_UNDECLARED_SELECTOR = YES;
				GCC_WARN_UNINITIALIZED_AUTOS = YES_AGGRESSIVE;
				GCC_WARN_UNUSED_FUNCTION = YES;
				GCC_WARN_UNUSED_VARIABLE = YES;
				IPHONEOS_DEPLOYMENT_TARGET = 15.4;
				MTL_ENABLE_DEBUG_INFO = NO;
				MTL_FAST_MATH = YES;
				SDKROOT = iphoneos;
				SWIFT_COMPILATION_MODE = wholemodule;
				SWIFT_OPTIMIZATION_LEVEL = "-O";
				VALIDATE_PRODUCT = YES;
			};
			name = Release;
		};
		B18CC240284D29D6000E59BD /* Debug */ = {
			isa = XCBuildConfiguration;
			buildSettings = {
				ASSETCATALOG_COMPILER_APPICON_NAME = AppIcon;
				ASSETCATALOG_COMPILER_GLOBAL_ACCENT_COLOR_NAME = AccentColor;
				CODE_SIGN_STYLE = Automatic;
				CURRENT_PROJECT_VERSION = 1;
				DEVELOPMENT_TEAM = Y487CY958A;
				GENERATE_INFOPLIST_FILE = YES;
				INFOPLIST_FILE = "swift-pretty-log-demo/Info.plist";
				INFOPLIST_KEY_UIApplicationSupportsIndirectInputEvents = YES;
				INFOPLIST_KEY_UILaunchStoryboardName = LaunchScreen;
				INFOPLIST_KEY_UIMainStoryboardFile = Main;
				INFOPLIST_KEY_UISupportedInterfaceOrientations_iPad = "UIInterfaceOrientationPortrait UIInterfaceOrientationPortraitUpsideDown UIInterfaceOrientationLandscapeLeft UIInterfaceOrientationLandscapeRight";
				INFOPLIST_KEY_UISupportedInterfaceOrientations_iPhone = "UIInterfaceOrientationPortrait UIInterfaceOrientationLandscapeLeft UIInterfaceOrientationLandscapeRight";
				LD_RUNPATH_SEARCH_PATHS = (
					"$(inherited)",
					"@executable_path/Frameworks",
				);
				MARKETING_VERSION = 1.0;
				PRODUCT_BUNDLE_IDENTIFIER = "PaoloProdossimoLopes.swift-pretty-log-demo";
				PRODUCT_NAME = "$(TARGET_NAME)";
				SWIFT_EMIT_LOC_STRINGS = YES;
				SWIFT_VERSION = 5.0;
				TARGETED_DEVICE_FAMILY = "1,2";
			};
			name = Debug;
		};
		B18CC241284D29D6000E59BD /* Release */ = {
			isa = XCBuildConfiguration;
			buildSettings = {
				ASSETCATALOG_COMPILER_APPICON_NAME = AppIcon;
				ASSETCATALOG_COMPILER_GLOBAL_ACCENT_COLOR_NAME = AccentColor;
				CODE_SIGN_STYLE = Automatic;
				CURRENT_PROJECT_VERSION = 1;
				DEVELOPMENT_TEAM = Y487CY958A;
				GENERATE_INFOPLIST_FILE = YES;
				INFOPLIST_FILE = "swift-pretty-log-demo/Info.plist";
				INFOPLIST_KEY_UIApplicationSupportsIndirectInputEvents = YES;
				INFOPLIST_KEY_UILaunchStoryboardName = LaunchScreen;
				INFOPLIST_KEY_UIMainStoryboardFile = Main;
				INFOPLIST_KEY_UISupportedInterfaceOrientations_iPad = "UIInterfaceOrientationPortrait UIInterfaceOrientationPortraitUpsideDown UIInterfaceOrientationLandscapeLeft UIInterfaceOrientationLandscapeRight";
				INFOPLIST_KEY_UISupportedInterfaceOrientations_iPhone = "UIInterfaceOrientationPortrait UIInterfaceOrientationLandscapeLeft UIInterfaceOrientationLandscapeRight";
				LD_RUNPATH_SEARCH_PATHS = (
					"$(inherited)",
					"@executable_path/Frameworks",
				);
				MARKETING_VERSION = 1.0;
				PRODUCT_BUNDLE_IDENTIFIER = "PaoloProdossimoLopes.swift-pretty-log-demo";
				PRODUCT_NAME = "$(TARGET_NAME)";
				SWIFT_EMIT_LOC_STRINGS = YES;
				SWIFT_VERSION = 5.0;
				TARGETED_DEVICE_FAMILY = "1,2";
			};
			name = Release;
		};
/* End XCBuildConfiguration section */

/* Begin XCConfigurationList section */
		B18CC226284D29D3000E59BD /* Build configuration list for PBXProject "swift-pretty-log-demo" */ = {
			isa = XCConfigurationList;
			buildConfigurations = (
				B18CC23D284D29D6000E59BD /* Debug */,
				B18CC23E284D29D6000E59BD /* Release */,
			);
			defaultConfigurationIsVisible = 0;
			defaultConfigurationName = Release;
		};
		B18CC23F284D29D6000E59BD /* Build configuration list for PBXNativeTarget "swift-pretty-log-demo" */ = {
			isa = XCConfigurationList;
			buildConfigurations = (
				B18CC240284D29D6000E59BD /* Debug */,
				B18CC241284D29D6000E59BD /* Release */,
			);
			defaultConfigurationIsVisible = 0;
			defaultConfigurationName = Release;
		};
/* End XCConfigurationList section */
	};
	rootObject = B18CC223284D29D3000E59BD /* Project object */;
}
